// !$*UTF8*$!
{
	archiveVersion = 1;
	classes = {
	};
	objectVersion = 46;
	objects = {

/* Begin PBXBuildFile section */
		5523EE171A5CF22C00100B5B /* AppDelegate.swift in Sources */ = {isa = PBXBuildFile; fileRef = 5523EE161A5CF22C00100B5B /* AppDelegate.swift */; };
		5523EE191A5CF22C00100B5B /* MasterViewController.swift in Sources */ = {isa = PBXBuildFile; fileRef = 5523EE181A5CF22C00100B5B /* MasterViewController.swift */; };
		5523EE1B1A5CF22C00100B5B /* DetailViewController.swift in Sources */ = {isa = PBXBuildFile; fileRef = 5523EE1A1A5CF22C00100B5B /* DetailViewController.swift */; };
		5523EE1E1A5CF22D00100B5B /* Main.storyboard in Resources */ = {isa = PBXBuildFile; fileRef = 5523EE1C1A5CF22D00100B5B /* Main.storyboard */; };
		5523EE201A5CF22D00100B5B /* Images.xcassets in Resources */ = {isa = PBXBuildFile; fileRef = 5523EE1F1A5CF22D00100B5B /* Images.xcassets */; };
		5523EE231A5CF22D00100B5B /* LaunchScreen.xib in Resources */ = {isa = PBXBuildFile; fileRef = 5523EE211A5CF22D00100B5B /* LaunchScreen.xib */; };
		5523EE2F1A5CF22D00100B5B /* UniversalStoryboardTests.swift in Sources */ = {isa = PBXBuildFile; fileRef = 5523EE2E1A5CF22D00100B5B /* UniversalStoryboardTests.swift */; };
/* End PBXBuildFile section */

/* Begin PBXContainerItemProxy section */
		5523EE291A5CF22D00100B5B /* PBXContainerItemProxy */ = {
			isa = PBXContainerItemProxy;
			containerPortal = 5523EE091A5CF22C00100B5B /* Project object */;
			proxyType = 1;
			remoteGlobalIDString = 5523EE101A5CF22C00100B5B;
			remoteInfo = UniversalStoryboard;
		};
/* End PBXContainerItemProxy section */

/* Begin PBXFileReference section */
		5523EE111A5CF22C00100B5B /* UniversalStoryboard.app */ = {isa = PBXFileReference; explicitFileType = wrapper.application; includeInIndex = 0; path = UniversalStoryboard.app; sourceTree = BUILT_PRODUCTS_DIR; };
		5523EE151A5CF22C00100B5B /* Info.plist */ = {isa = PBXFileReference; lastKnownFileType = text.plist.xml; path = Info.plist; sourceTree = "<group>"; };
		5523EE161A5CF22C00100B5B /* AppDelegate.swift */ = {isa = PBXFileReference; lastKnownFileType = sourcecode.swift; path = AppDelegate.swift; sourceTree = "<group>"; };
		5523EE181A5CF22C00100B5B /* MasterViewController.swift */ = {isa = PBXFileReference; lastKnownFileType = sourcecode.swift; path = MasterViewController.swift; sourceTree = "<group>"; };
		5523EE1A1A5CF22C00100B5B /* DetailViewController.swift */ = {isa = PBXFileReference; lastKnownFileType = sourcecode.swift; path = DetailViewController.swift; sourceTree = "<group>"; };
		5523EE1D1A5CF22D00100B5B /* Base */ = {isa = PBXFileReference; lastKnownFileType = file.storyboard; name = Base; path = Base.lproj/Main.storyboard; sourceTree = "<group>"; };
		5523EE1F1A5CF22D00100B5B /* Images.xcassets */ = {isa = PBXFileReference; lastKnownFileType = folder.assetcatalog; path = Images.xcassets; sourceTree = "<group>"; };
		5523EE221A5CF22D00100B5B /* Base */ = {isa = PBXFileReference; lastKnownFileType = file.xib; name = Base; path = Base.lproj/LaunchScreen.xib; sourceTree = "<group>"; };
		5523EE281A5CF22D00100B5B /* UniversalStoryboardTests.xctest */ = {isa = PBXFileReference; explicitFileType = wrapper.cfbundle; includeInIndex = 0; path = UniversalStoryboardTests.xctest; sourceTree = BUILT_PRODUCTS_DIR; };
		5523EE2D1A5CF22D00100B5B /* Info.plist */ = {isa = PBXFileReference; lastKnownFileType = text.plist.xml; path = Info.plist; sourceTree = "<group>"; };
		5523EE2E1A5CF22D00100B5B /* UniversalStoryboardTests.swift */ = {isa = PBXFileReference; lastKnownFileType = sourcecode.swift; path = UniversalStoryboardTests.swift; sourceTree = "<group>"; };
/* End PBXFileReference section */

/* Begin PBXFrameworksBuildPhase section */
		5523EE0E1A5CF22C00100B5B /* Frameworks */ = {
			isa = PBXFrameworksBuildPhase;
			buildActionMask = 2147483647;
			files = (
			);
			runOnlyForDeploymentPostprocessing = 0;
		};
		5523EE251A5CF22D00100B5B /* Frameworks */ = {
			isa = PBXFrameworksBuildPhase;
			buildActionMask = 2147483647;
			files = (
			);
			runOnlyForDeploymentPostprocessing = 0;
		};
/* End PBXFrameworksBuildPhase section */

/* Begin PBXGroup section */
		5523EE081A5CF22C00100B5B = {
			isa = PBXGroup;
			children = (
				5523EE131A5CF22C00100B5B /* UniversalStoryboard */,
				5523EE2B1A5CF22D00100B5B /* UniversalStoryboardTests */,
				5523EE121A5CF22C00100B5B /* Products */,
			);
			sourceTree = "<group>";
		};
		5523EE121A5CF22C00100B5B /* Products */ = {
			isa = PBXGroup;
			children = (
				5523EE111A5CF22C00100B5B /* UniversalStoryboard.app */,
				5523EE281A5CF22D00100B5B /* UniversalStoryboardTests.xctest */,
			);
			name = Products;
			sourceTree = "<group>";
		};
		5523EE131A5CF22C00100B5B /* UniversalStoryboard */ = {
			isa = PBXGroup;
			children = (
				5523EE161A5CF22C00100B5B /* AppDelegate.swift */,
				5523EE181A5CF22C00100B5B /* MasterViewController.swift */,
				5523EE1A1A5CF22C00100B5B /* DetailViewController.swift */,
				5523EE1C1A5CF22D00100B5B /* Main.storyboard */,
				5523EE1F1A5CF22D00100B5B /* Images.xcassets */,
				5523EE211A5CF22D00100B5B /* LaunchScreen.xib */,
				5523EE141A5CF22C00100B5B /* Supporting Files */,
			);
			path = UniversalStoryboard;
			sourceTree = "<group>";
		};
		5523EE141A5CF22C00100B5B /* Supporting Files */ = {
			isa = PBXGroup;
			children = (
				5523EE151A5CF22C00100B5B /* Info.plist */,
			);
			name = "Supporting Files";
			sourceTree = "<group>";
		};
		5523EE2B1A5CF22D00100B5B /* UniversalStoryboardTests */ = {
			isa = PBXGroup;
			children = (
				5523EE2E1A5CF22D00100B5B /* UniversalStoryboardTests.swift */,
				5523EE2C1A5CF22D00100B5B /* Supporting Files */,
			);
			path = UniversalStoryboardTests;
			sourceTree = "<group>";
		};
		5523EE2C1A5CF22D00100B5B /* Supporting Files */ = {
			isa = PBXGroup;
			children = (
				5523EE2D1A5CF22D00100B5B /* Info.plist */,
			);
			name = "Supporting Files";
			sourceTree = "<group>";
		};
/* End PBXGroup section */

/* Begin PBXNativeTarget section */
		5523EE101A5CF22C00100B5B /* UniversalStoryboard */ = {
			isa = PBXNativeTarget;
			buildConfigurationList = 5523EE321A5CF22D00100B5B /* Build configuration list for PBXNativeTarget "UniversalStoryboard" */;
			buildPhases = (
				5523EE0D1A5CF22C00100B5B /* Sources */,
				5523EE0E1A5CF22C00100B5B /* Frameworks */,
				5523EE0F1A5CF22C00100B5B /* Resources */,
			);
			buildRules = (
			);
			dependencies = (
			);
			name = UniversalStoryboard;
			productName = UniversalStoryboard;
			productReference = 5523EE111A5CF22C00100B5B /* UniversalStoryboard.app */;
			productType = "com.apple.product-type.application";
		};
		5523EE271A5CF22D00100B5B /* UniversalStoryboardTests */ = {
			isa = PBXNativeTarget;
			buildConfigurationList = 5523EE351A5CF22D00100B5B /* Build configuration list for PBXNativeTarget "UniversalStoryboardTests" */;
			buildPhases = (
				5523EE241A5CF22D00100B5B /* Sources */,
				5523EE251A5CF22D00100B5B /* Frameworks */,
				5523EE261A5CF22D00100B5B /* Resources */,
			);
			buildRules = (
			);
			dependencies = (
				5523EE2A1A5CF22D00100B5B /* PBXTargetDependency */,
			);
			name = UniversalStoryboardTests;
			productName = UniversalStoryboardTests;
			productReference = 5523EE281A5CF22D00100B5B /* UniversalStoryboardTests.xctest */;
			productType = "com.apple.product-type.bundle.unit-test";
		};
/* End PBXNativeTarget section */

/* Begin PBXProject section */
		5523EE091A5CF22C00100B5B /* Project object */ = {
			isa = PBXProject;
			attributes = {
				LastUpgradeCheck = 0610;
				ORGANIZATIONNAME = "Digital Sadler";
				TargetAttributes = {
					5523EE101A5CF22C00100B5B = {
						CreatedOnToolsVersion = 6.1.1;
					};
					5523EE271A5CF22D00100B5B = {
						CreatedOnToolsVersion = 6.1.1;
						TestTargetID = 5523EE101A5CF22C00100B5B;
					};
				};
			};
			buildConfigurationList = 5523EE0C1A5CF22C00100B5B /* Build configuration list for PBXProject "UniversalStoryboard" */;
			compatibilityVersion = "Xcode 3.2";
			developmentRegion = English;
			hasScannedForEncodings = 0;
			knownRegions = (
				en,
				Base,
			);
			mainGroup = 5523EE081A5CF22C00100B5B;
			productRefGroup = 5523EE121A5CF22C00100B5B /* Products */;
			projectDirPath = "";
			projectRoot = "";
			targets = (
				5523EE101A5CF22C00100B5B /* UniversalStoryboard */,
				5523EE271A5CF22D00100B5B /* UniversalStoryboardTests */,
			);
		};
/* End PBXProject section */

/* Begin PBXResourcesBuildPhase section */
		5523EE0F1A5CF22C00100B5B /* Resources */ = {
			isa = PBXResourcesBuildPhase;
			buildActionMask = 2147483647;
			files = (
				5523EE1E1A5CF22D00100B5B /* Main.storyboard in Resources */,
				5523EE231A5CF22D00100B5B /* LaunchScreen.xib in Resources */,
				5523EE201A5CF22D00100B5B /* Images.xcassets in Resources */,
			);
			runOnlyForDeploymentPostprocessing = 0;
		};
		5523EE261A5CF22D00100B5B /* Resources */ = {
			isa = PBXResourcesBuildPhase;
			buildActionMask = 2147483647;
			files = (
			);
			runOnlyForDeploymentPostprocessing = 0;
		};
/* End PBXResourcesBuildPhase section */

/* Begin PBXSourcesBuildPhase section */
		5523EE0D1A5CF22C00100B5B /* Sources */ = {
			isa = PBXSourcesBuildPhase;
			buildActionMask = 2147483647;
			files = (
				5523EE1B1A5CF22C00100B5B /* DetailViewController.swift in Sources */,
				5523EE191A5CF22C00100B5B /* MasterViewController.swift in Sources */,
				5523EE171A5CF22C00100B5B /* AppDelegate.swift in Sources */,
			);
			runOnlyForDeploymentPostprocessing = 0;
		};
		5523EE241A5CF22D00100B5B /* Sources */ = {
			isa = PBXSourcesBuildPhase;
			buildActionMask = 2147483647;
			files = (
				5523EE2F1A5CF22D00100B5B /* UniversalStoryboardTests.swift in Sources */,
			);
			runOnlyForDeploymentPostprocessing = 0;
		};
/* End PBXSourcesBuildPhase section */

/* Begin PBXTargetDependency section */
		5523EE2A1A5CF22D00100B5B /* PBXTargetDependency */ = {
			isa = PBXTargetDependency;
			target = 5523EE101A5CF22C00100B5B /* UniversalStoryboard */;
			targetProxy = 5523EE291A5CF22D00100B5B /* PBXContainerItemProxy */;
		};
/* End PBXTargetDependency section */

/* Begin PBXVariantGroup section */
		5523EE1C1A5CF22D00100B5B /* Main.storyboard */ = {
			isa = PBXVariantGroup;
			children = (
				5523EE1D1A5CF22D00100B5B /* Base */,
			);
			name = Main.storyboard;
			sourceTree = "<group>";
		};
		5523EE211A5CF22D00100B5B /* LaunchScreen.xib */ = {
			isa = PBXVariantGroup;
			children = (
				5523EE221A5CF22D00100B5B /* Base */,
			);
			name = LaunchScreen.xib;
			sourceTree = "<group>";
		};
/* End PBXVariantGroup section */

/* Begin XCBuildConfiguration section */
		5523EE301A5CF22D00100B5B /* Debug */ = {
			isa = XCBuildConfiguration;
			buildSettings = {
				ALWAYS_SEARCH_USER_PATHS = NO;
				CLANG_CXX_LANGUAGE_STANDARD = "gnu++0x";
				CLANG_CXX_LIBRARY = "libc++";
				CLANG_ENABLE_MODULES = YES;
				CLANG_ENABLE_OBJC_ARC = YES;
				CLANG_WARN_BOOL_CONVERSION = YES;
				CLANG_WARN_CONSTANT_CONVERSION = YES;
				CLANG_WARN_DIRECT_OBJC_ISA_USAGE = YES_ERROR;
				CLANG_WARN_EMPTY_BODY = YES;
				CLANG_WARN_ENUM_CONVERSION = YES;
				CLANG_WARN_INT_CONVERSION = YES;
				CLANG_WARN_OBJC_ROOT_CLASS = YES_ERROR;
				CLANG_WARN_UNREACHABLE_CODE = YES;
				CLANG_WARN__DUPLICATE_METHOD_MATCH = YES;
				"CODE_SIGN_IDENTITY[sdk=iphoneos*]" = "iPhone Developer";
				COPY_PHASE_STRIP = NO;
				ENABLE_STRICT_OBJC_MSGSEND = YES;
				GCC_C_LANGUAGE_STANDARD = gnu99;
				GCC_DYNAMIC_NO_PIC = NO;
				GCC_OPTIMIZATION_LEVEL = 0;
				GCC_PREPROCESSOR_DEFINITIONS = (
					"DEBUG=1",
					"$(inherited)",
				);
				GCC_SYMBOLS_PRIVATE_EXTERN = NO;
				GCC_WARN_64_TO_32_BIT_CONVERSION = YES;
				GCC_WARN_ABOUT_RETURN_TYPE = YES_ERROR;
				GCC_WARN_UNDECLARED_SELECTOR = YES;
				GCC_WARN_UNINITIALIZED_AUTOS = YES_AGGRESSIVE;
				GCC_WARN_UNUSED_FUNCTION = YES;
				GCC_WARN_UNUSED_VARIABLE = YES;
				IPHONEOS_DEPLOYMENT_TARGET = 8.1;
				MTL_ENABLE_DEBUG_INFO = YES;
				ONLY_ACTIVE_ARCH = YES;
				SDKROOT = iphoneos;
				SWIFT_OPTIMIZATION_LEVEL = "-Onone";
				TARGETED_DEVICE_FAMILY = "1,2";
			};
			name = Debug;
		};
		5523EE311A5CF22D00100B5B /* Release */ = {
			isa = XCBuildConfiguration;
			buildSettings = {
				ALWAYS_SEARCH_USER_PATHS = NO;
				CLANG_CXX_LANGUAGE_STANDARD = "gnu++0x";
				CLANG_CXX_LIBRARY = "libc++";
				CLANG_ENABLE_MODULES = YES;
				CLANG_ENABLE_OBJC_ARC = YES;
				CLANG_WARN_BOOL_CONVERSION = YES;
				CLANG_WARN_CONSTANT_CONVERSION = YES;
				CLANG_WARN_DIRECT_OBJC_ISA_USAGE = YES_ERROR;
				CLANG_WARN_EMPTY_BODY = YES;
				CLANG_WARN_ENUM_CONVERSION = YES;
				CLANG_WARN_INT_CONVERSION = YES;
				CLANG_WARN_OBJC_ROOT_CLASS = YES_ERROR;
				CLANG_WARN_UNREACHABLE_CODE = YES;
				CLANG_WARN__DUPLICATE_METHOD_MATCH = YES;
				"CODE_SIGN_IDENTITY[sdk=iphoneos*]" = "iPhone Developer";
				COPY_PHASE_STRIP = YES;
				ENABLE_NS_ASSERTIONS = NO;
				ENABLE_STRICT_OBJC_MSGSEND = YES;
				GCC_C_LANGUAGE_STANDARD = gnu99;
				GCC_WARN_64_TO_32_BIT_CONVERSION = YES;
				GCC_WARN_ABOUT_RETURN_TYPE = YES_ERROR;
				GCC_WARN_UNDECLARED_SELECTOR = YES;
				GCC_WARN_UNINITIALIZED_AUTOS = YES_AGGRESSIVE;
				GCC_WARN_UNUSED_FUNCTION = YES;
				GCC_WARN_UNUSED_VARIABLE = YES;
				IPHONEOS_DEPLOYMENT_TARGET = 8.1;
				MTL_ENABLE_DEBUG_INFO = NO;
				SDKROOT = iphoneos;
				TARGETED_DEVICE_FAMILY = "1,2";
				VALIDATE_PRODUCT = YES;
			};
			name = Release;
		};
		5523EE331A5CF22D00100B5B /* Debug */ = {
			isa = XCBuildConfiguration;
			buildSettings = {
				ASSETCATALOG_COMPILER_APPICON_NAME = AppIcon;
				INFOPLIST_FILE = UniversalStoryboard/Info.plist;
				LD_RUNPATH_SEARCH_PATHS = "$(inherited) @executable_path/Frameworks";
				PRODUCT_NAME = "$(TARGET_NAME)";
			};
			name = Debug;
		};
		5523EE341A5CF22D00100B5B /* Release */ = {
			isa = XCBuildConfiguration;
			buildSettings = {
				ASSETCATALOG_COMPILER_APPICON_NAME = AppIcon;
				INFOPLIST_FILE = UniversalStoryboard/Info.plist;
				LD_RUNPATH_SEARCH_PATHS = "$(inherited) @executable_path/Frameworks";
				PRODUCT_NAME = "$(TARGET_NAME)";
			};
			name = Release;
		};
		5523EE361A5CF22D00100B5B /* Debug */ = {
			isa = XCBuildConfiguration;
			buildSettings = {
				BUNDLE_LOADER = "$(TEST_HOST)";
				FRAMEWORK_SEARCH_PATHS = (
					"$(SDKROOT)/Developer/Library/Frameworks",
					"$(inherited)",
				);
				GCC_PREPROCESSOR_DEFINITIONS = (
					"DEBUG=1",
					"$(inherited)",
				);
				INFOPLIST_FILE = UniversalStoryboardTests/Info.plist;
				LD_RUNPATH_SEARCH_PATHS = "$(inherited) @executable_path/Frameworks @loader_path/Frameworks";
				PRODUCT_NAME = "$(TARGET_NAME)";
				TEST_HOST = "$(BUILT_PRODUCTS_DIR)/UniversalStoryboard.app/UniversalStoryboard";
			};
			name = Debug;
		};
		5523EE371A5CF22D00100B5B /* Release */ = {
			isa = XCBuildConfiguration;
			buildSettings = {
				BUNDLE_LOADER = "$(TEST_HOST)";
				FRAMEWORK_SEARCH_PATHS = (
					"$(SDKROOT)/Developer/Library/Frameworks",
					"$(inherited)",
				);
				INFOPLIST_FILE = UniversalStoryboardTests/Info.plist;
				LD_RUNPATH_SEARCH_PATHS = "$(inherited) @executable_path/Frameworks @loader_path/Frameworks";
				PRODUCT_NAME = "$(TARGET_NAME)";
				TEST_HOST = "$(BUILT_PRODUCTS_DIR)/UniversalStoryboard.app/UniversalStoryboard";
			};
			name = Release;
		};
/* End XCBuildConfiguration section */

/* Begin XCConfigurationList section */
		5523EE0C1A5CF22C00100B5B /* Build configuration list for PBXProject "UniversalStoryboard" */ = {
			isa = XCConfigurationList;
			buildConfigurations = (
				5523EE301A5CF22D00100B5B /* Debug */,
				5523EE311A5CF22D00100B5B /* Release */,
			);
			defaultConfigurationIsVisible = 0;
			defaultConfigurationName = Release;
		};
		5523EE321A5CF22D00100B5B /* Build configuration list for PBXNativeTarget "UniversalStoryboard" */ = {
			isa = XCConfigurationList;
			buildConfigurations = (
				5523EE331A5CF22D00100B5B /* Debug */,
				5523EE341A5CF22D00100B5B /* Release */,
			);
			defaultConfigurationIsVisible = 0;
		};
		5523EE351A5CF22D00100B5B /* Build configuration list for PBXNativeTarget "UniversalStoryboardTests" */ = {
			isa = XCConfigurationList;
			buildConfigurations = (
				5523EE361A5CF22D00100B5B /* Debug */,
				5523EE371A5CF22D00100B5B /* Release */,
			);
			defaultConfigurationIsVisible = 0;
		};
/* End XCConfigurationList section */
	};
	rootObject = 5523EE091A5CF22C00100B5B /* Project object */;
}
